
Microsoft Visual Studio Solution File, Format Version 12.00
# Visual Studio Version 16
VisualStudioVersion = 16.0.32407.337
MinimumVisualStudioVersion = 10.0.40219.1
Project("{FAE04EC0-301F-11D3-BF4B-00C04F79EFBC}") = "GodPlease", "GodPlease\GodPlease.csproj", "{6690A5A0-0E94-4AC2-9901-839DCCDD264C}"
EndProject
Project("{FAE04EC0-301F-11D3-BF4B-00C04F79EFBC}") = "ChatHost", "ChatHost\ChatHost.csproj", "{8C13D5C3-B0D9-4EF1-9E4B-866F00A73B86}"
EndProject
Project("{FAE04EC0-301F-11D3-BF4B-00C04F79EFBC}") = "ChatClient", "ChatClient\ChatClient.csproj", "{F6314D15-8981-4C6A-9E08-D162EB884B6D}"
EndProject
Project("{FAE04EC0-301F-11D3-BF4B-00C04F79EFBC}") = "Меню", "Меню\Меню.csproj", "{0D95715A-F3B0-491D-8041-5C537F9FD8C8}"
EndProject
Project("{FAE04EC0-301F-11D3-BF4B-00C04F79EFBC}") = "Host", "Host\Host.csproj", "{5346221B-56E8-477A-89FF-5E488B9DB067}"
EndProject
Global
	GlobalSection(SolutionConfigurationPlatforms) = preSolution
		Debug|Any CPU = Debug|Any CPU
		Release|Any CPU = Release|Any CPU
	EndGlobalSection
	GlobalSection(ProjectConfigurationPlatforms) = postSolution
		{6690A5A0-0E94-4AC2-9901-839DCCDD264C}.Debug|Any CPU.ActiveCfg = Debug|Any CPU
		{6690A5A0-0E94-4AC2-9901-839DCCDD264C}.Debug|Any CPU.Build.0 = Debug|Any CPU
		{6690A5A0-0E94-4AC2-9901-839DCCDD264C}.Release|Any CPU.ActiveCfg = Release|Any CPU
		{6690A5A0-0E94-4AC2-9901-839DCCDD264C}.Release|Any CPU.Build.0 = Release|Any CPU
		{8C13D5C3-B0D9-4EF1-9E4B-866F00A73B86}.Debug|Any CPU.ActiveCfg = Debug|Any CPU
		{8C13D5C3-B0D9-4EF1-9E4B-866F00A73B86}.Debug|Any CPU.Build.0 = Debug|Any CPU
		{8C13D5C3-B0D9-4EF1-9E4B-866F00A73B86}.Release|Any CPU.ActiveCfg = Release|Any CPU
		{8C13D5C3-B0D9-4EF1-9E4B-866F00A73B86}.Release|Any CPU.Build.0 = Release|Any CPU
		{F6314D15-8981-4C6A-9E08-D162EB884B6D}.Debug|Any CPU.ActiveCfg = Debug|Any CPU
		{F6314D15-8981-4C6A-9E08-D162EB884B6D}.Debug|Any CPU.Build.0 = Debug|Any CPU
		{F6314D15-8981-4C6A-9E08-D162EB884B6D}.Release|Any CPU.ActiveCfg = Release|Any CPU
		{F6314D15-8981-4C6A-9E08-D162EB884B6D}.Release|Any CPU.Build.0 = Release|Any CPU
		{0D95715A-F3B0-491D-8041-5C537F9FD8C8}.Debug|Any CPU.ActiveCfg = Debug|Any CPU
		{0D95715A-F3B0-491D-8041-5C537F9FD8C8}.Debug|Any CPU.Build.0 = Debug|Any CPU
		{0D95715A-F3B0-491D-8041-5C537F9FD8C8}.Release|Any CPU.ActiveCfg = Release|Any CPU
		{0D95715A-F3B0-491D-8041-5C537F9FD8C8}.Release|Any CPU.Build.0 = Release|Any CPU
		{5346221B-56E8-477A-89FF-5E488B9DB067}.Debug|Any CPU.ActiveCfg = Debug|Any CPU
		{5346221B-56E8-477A-89FF-5E488B9DB067}.Debug|Any CPU.Build.0 = Debug|Any CPU
		{5346221B-56E8-477A-89FF-5E488B9DB067}.Release|Any CPU.ActiveCfg = Release|Any CPU
		{5346221B-56E8-477A-89FF-5E488B9DB067}.Release|Any CPU.Build.0 = Release|Any CPU
	EndGlobalSection
	GlobalSection(SolutionProperties) = preSolution
		HideSolutionNode = FALSE
	EndGlobalSection
	GlobalSection(ExtensibilityGlobals) = postSolution
		SolutionGuid = {E3E1AD2D-E2BC-4B40-A9A3-27E1E784C571}
	EndGlobalSection
EndGlobal
